// !$*UTF8*$!
{
	archiveVersion = 1;
	classes = {
	};
	objectVersion = 46;
	objects = {

/* Begin PBXBuildFile section */
		0054B93668351F1D9BA682C6 /* Pods_LCMediator_Example.framework in Frameworks */ = {isa = PBXBuildFile; fileRef = C091BF404F34178A40C2D297 /* Pods_LCMediator_Example.framework */; };
		43606B3C237D6B1300567515 /* .gitkeep in Resources */ = {isa = PBXBuildFile; fileRef = 43606B35237D6B1200567515 /* .gitkeep */; };
		43606B3D237D6B1300567515 /* LCMediatorService.m in Sources */ = {isa = PBXBuildFile; fileRef = 43606B36237D6B1200567515 /* LCMediatorService.m */; };
		43606B3E237D6B1300567515 /* LCNoServiceViewController.m in Sources */ = {isa = PBXBuildFile; fileRef = 43606B37237D6B1200567515 /* LCNoServiceViewController.m */; };
		43606B3F237D6B1300567515 /* LCMediator.m in Sources */ = {isa = PBXBuildFile; fileRef = 43606B38237D6B1200567515 /* LCMediator.m */; };
		43606B73237D6B7700567515 /* LCAppDelegate+LC3DTouch.m in Sources */ = {isa = PBXBuildFile; fileRef = 43606B5C237D6B7700567515 /* LCAppDelegate+LC3DTouch.m */; };
		43606B74237D6B7700567515 /* LCClientDelegate.m in Sources */ = {isa = PBXBuildFile; fileRef = 43606B5E237D6B7700567515 /* LCClientDelegate.m */; };
		43606B75237D6B7700567515 /* LCClientConfig.plist in Resources */ = {isa = PBXBuildFile; fileRef = 43606B5F237D6B7700567515 /* LCClientConfig.plist */; };
		43E30433237D72AA001159C8 /* LCAccountAppDelegate.m in Sources */ = {isa = PBXBuildFile; fileRef = 43E30417237D72AA001159C8 /* LCAccountAppDelegate.m */; };
		43E30434237D72AA001159C8 /* LCAccountService.m in Sources */ = {isa = PBXBuildFile; fileRef = 43E30418237D72AA001159C8 /* LCAccountService.m */; };
		43E30435237D72AA001159C8 /* LCLoginViewController.m in Sources */ = {isa = PBXBuildFile; fileRef = 43E30419237D72AA001159C8 /* LCLoginViewController.m */; };
		43E30436237D72AA001159C8 /* LCChauffeurService.m in Sources */ = {isa = PBXBuildFile; fileRef = 43E3041B237D72AA001159C8 /* LCChauffeurService.m */; };
		43E30437237D72AA001159C8 /* LCChauffeurStep1ViewController.m in Sources */ = {isa = PBXBuildFile; fileRef = 43E3041C237D72AA001159C8 /* LCChauffeurStep1ViewController.m */; };
		43E30438237D72AA001159C8 /* LCChauffeurAppDelegate.m in Sources */ = {isa = PBXBuildFile; fileRef = 43E30420237D72AA001159C8 /* LCChauffeurAppDelegate.m */; };
		43E30439237D72AA001159C8 /* LCMediator+SelfDriving.m in Sources */ = {isa = PBXBuildFile; fileRef = 43E30424237D72AA001159C8 /* LCMediator+SelfDriving.m */; };
		43E3043A237D72AA001159C8 /* LCSelfStep1View.m in Sources */ = {isa = PBXBuildFile; fileRef = 43E30427237D72AA001159C8 /* LCSelfStep1View.m */; };
		43E3043B237D72AA001159C8 /* LCSelfStep1ViewController.m in Sources */ = {isa = PBXBuildFile; fileRef = 43E30428237D72AA001159C8 /* LCSelfStep1ViewController.m */; };
		43E3043C237D72AA001159C8 /* LCSelfDrivingAppDelegate.m in Sources */ = {isa = PBXBuildFile; fileRef = 43E3042A237D72AA001159C8 /* LCSelfDrivingAppDelegate.m */; };
		43E3043D237D72AA001159C8 /* LCSelfDrivingService.m in Sources */ = {isa = PBXBuildFile; fileRef = 43E3042B237D72AA001159C8 /* LCSelfDrivingService.m */; };
		43E3043E237D72AA001159C8 /* LCUserService.m in Sources */ = {isa = PBXBuildFile; fileRef = 43E3042F237D72AA001159C8 /* LCUserService.m */; };
		43E3043F237D72AA001159C8 /* LCUserAppDelegate.m in Sources */ = {isa = PBXBuildFile; fileRef = 43E30430237D72AA001159C8 /* LCUserAppDelegate.m */; };
		43E30440237D72AA001159C8 /* LCMemberViewController.m in Sources */ = {isa = PBXBuildFile; fileRef = 43E30431237D72AA001159C8 /* LCMemberViewController.m */; };
		6003F58E195388D20070C39A /* Foundation.framework in Frameworks */ = {isa = PBXBuildFile; fileRef = 6003F58D195388D20070C39A /* Foundation.framework */; };
		6003F590195388D20070C39A /* CoreGraphics.framework in Frameworks */ = {isa = PBXBuildFile; fileRef = 6003F58F195388D20070C39A /* CoreGraphics.framework */; };
		6003F592195388D20070C39A /* UIKit.framework in Frameworks */ = {isa = PBXBuildFile; fileRef = 6003F591195388D20070C39A /* UIKit.framework */; };
		6003F598195388D20070C39A /* InfoPlist.strings in Resources */ = {isa = PBXBuildFile; fileRef = 6003F596195388D20070C39A /* InfoPlist.strings */; };
		6003F59A195388D20070C39A /* main.m in Sources */ = {isa = PBXBuildFile; fileRef = 6003F599195388D20070C39A /* main.m */; };
		6003F59E195388D20070C39A /* LCAppDelegate.m in Sources */ = {isa = PBXBuildFile; fileRef = 6003F59D195388D20070C39A /* LCAppDelegate.m */; };
		6003F5A7195388D20070C39A /* LCViewController.m in Sources */ = {isa = PBXBuildFile; fileRef = 6003F5A6195388D20070C39A /* LCViewController.m */; };
		6003F5A9195388D20070C39A /* Images.xcassets in Resources */ = {isa = PBXBuildFile; fileRef = 6003F5A8195388D20070C39A /* Images.xcassets */; };
		6003F5B0195388D20070C39A /* XCTest.framework in Frameworks */ = {isa = PBXBuildFile; fileRef = 6003F5AF195388D20070C39A /* XCTest.framework */; };
		6003F5B1195388D20070C39A /* Foundation.framework in Frameworks */ = {isa = PBXBuildFile; fileRef = 6003F58D195388D20070C39A /* Foundation.framework */; };
		6003F5B2195388D20070C39A /* UIKit.framework in Frameworks */ = {isa = PBXBuildFile; fileRef = 6003F591195388D20070C39A /* UIKit.framework */; };
		6003F5BA195388D20070C39A /* InfoPlist.strings in Resources */ = {isa = PBXBuildFile; fileRef = 6003F5B8195388D20070C39A /* InfoPlist.strings */; };
		6003F5BC195388D20070C39A /* Tests.m in Sources */ = {isa = PBXBuildFile; fileRef = 6003F5BB195388D20070C39A /* Tests.m */; };
		71719F9F1E33DC2100824A3D /* LaunchScreen.storyboard in Resources */ = {isa = PBXBuildFile; fileRef = 71719F9D1E33DC2100824A3D /* LaunchScreen.storyboard */; };
		7939AE163D05DF172F318127 /* Pods_LCMediator_Tests.framework in Frameworks */ = {isa = PBXBuildFile; fileRef = CD79FEA13869E55F2A87D67D /* Pods_LCMediator_Tests.framework */; };
		873B8AEB1B1F5CCA007FD442 /* Main.storyboard in Resources */ = {isa = PBXBuildFile; fileRef = 873B8AEA1B1F5CCA007FD442 /* Main.storyboard */; };
/* End PBXBuildFile section */

/* Begin PBXContainerItemProxy section */
		6003F5B3195388D20070C39A /* PBXContainerItemProxy */ = {
			isa = PBXContainerItemProxy;
			containerPortal = 6003F582195388D10070C39A /* Project object */;
			proxyType = 1;
			remoteGlobalIDString = 6003F589195388D20070C39A;
			remoteInfo = LCMediator;
		};
/* End PBXContainerItemProxy section */

/* Begin PBXFileReference section */
		2162D8537ED282A721A66065 /* LCMediator.podspec */ = {isa = PBXFileReference; includeInIndex = 1; lastKnownFileType = text; name = LCMediator.podspec; path = ../LCMediator.podspec; sourceTree = "<group>"; xcLanguageSpecificationIdentifier = xcode.lang.ruby; };
		43606B33237D6B1200567515 /* LCNoServiceViewController.h */ = {isa = PBXFileReference; fileEncoding = 4; lastKnownFileType = sourcecode.c.h; path = LCNoServiceViewController.h; sourceTree = "<group>"; };
		43606B34237D6B1200567515 /* LCMediator.h */ = {isa = PBXFileReference; fileEncoding = 4; lastKnownFileType = sourcecode.c.h; path = LCMediator.h; sourceTree = "<group>"; };
		43606B35237D6B1200567515 /* .gitkeep */ = {isa = PBXFileReference; fileEncoding = 4; lastKnownFileType = text; path = .gitkeep; sourceTree = "<group>"; };
		43606B36237D6B1200567515 /* LCMediatorService.m */ = {isa = PBXFileReference; fileEncoding = 4; lastKnownFileType = sourcecode.c.objc; path = LCMediatorService.m; sourceTree = "<group>"; };
		43606B37237D6B1200567515 /* LCNoServiceViewController.m */ = {isa = PBXFileReference; fileEncoding = 4; lastKnownFileType = sourcecode.c.objc; path = LCNoServiceViewController.m; sourceTree = "<group>"; };
		43606B38237D6B1200567515 /* LCMediator.m */ = {isa = PBXFileReference; fileEncoding = 4; lastKnownFileType = sourcecode.c.objc; path = LCMediator.m; sourceTree = "<group>"; };
		43606B39237D6B1200567515 /* LCMediatorService.h */ = {isa = PBXFileReference; fileEncoding = 4; lastKnownFileType = sourcecode.c.h; path = LCMediatorService.h; sourceTree = "<group>"; };
		43606B5B237D6B7700567515 /* LCAppDelegate+LC3DTouch.h */ = {isa = PBXFileReference; fileEncoding = 4; lastKnownFileType = sourcecode.c.h; path = "LCAppDelegate+LC3DTouch.h"; sourceTree = "<group>"; };
		43606B5C237D6B7700567515 /* LCAppDelegate+LC3DTouch.m */ = {isa = PBXFileReference; fileEncoding = 4; lastKnownFileType = sourcecode.c.objc; path = "LCAppDelegate+LC3DTouch.m"; sourceTree = "<group>"; };
		43606B5E237D6B7700567515 /* LCClientDelegate.m */ = {isa = PBXFileReference; fileEncoding = 4; lastKnownFileType = sourcecode.c.objc; path = LCClientDelegate.m; sourceTree = "<group>"; };
		43606B5F237D6B7700567515 /* LCClientConfig.plist */ = {isa = PBXFileReference; fileEncoding = 4; lastKnownFileType = text.plist.xml; path = LCClientConfig.plist; sourceTree = "<group>"; };
		43606B60237D6B7700567515 /* LCClientDelegate.h */ = {isa = PBXFileReference; fileEncoding = 4; lastKnownFileType = sourcecode.c.h; path = LCClientDelegate.h; sourceTree = "<group>"; };
		43E30414237D72AA001159C8 /* LCAccountAppDelegate.h */ = {isa = PBXFileReference; fileEncoding = 4; lastKnownFileType = sourcecode.c.h; path = LCAccountAppDelegate.h; sourceTree = "<group>"; };
		43E30415237D72AA001159C8 /* LCLoginViewController.h */ = {isa = PBXFileReference; fileEncoding = 4; lastKnownFileType = sourcecode.c.h; path = LCLoginViewController.h; sourceTree = "<group>"; };
		43E30416237D72AA001159C8 /* LCAccountService.h */ = {isa = PBXFileReference; fileEncoding = 4; lastKnownFileType = sourcecode.c.h; path = LCAccountService.h; sourceTree = "<group>"; };
		43E30417237D72AA001159C8 /* LCAccountAppDelegate.m */ = {isa = PBXFileReference; fileEncoding = 4; lastKnownFileType = sourcecode.c.objc; path = LCAccountAppDelegate.m; sourceTree = "<group>"; };
		43E30418237D72AA001159C8 /* LCAccountService.m */ = {isa = PBXFileReference; fileEncoding = 4; lastKnownFileType = sourcecode.c.objc; path = LCAccountService.m; sourceTree = "<group>"; };
		43E30419237D72AA001159C8 /* LCLoginViewController.m */ = {isa = PBXFileReference; fileEncoding = 4; lastKnownFileType = sourcecode.c.objc; path = LCLoginViewController.m; sourceTree = "<group>"; };
		43E3041B237D72AA001159C8 /* LCChauffeurService.m */ = {isa = PBXFileReference; fileEncoding = 4; lastKnownFileType = sourcecode.c.objc; path = LCChauffeurService.m; sourceTree = "<group>"; };
		43E3041C237D72AA001159C8 /* LCChauffeurStep1ViewController.m */ = {isa = PBXFileReference; fileEncoding = 4; lastKnownFileType = sourcecode.c.objc; path = LCChauffeurStep1ViewController.m; sourceTree = "<group>"; };
		43E3041D237D72AA001159C8 /* LCChauffeurAppDelegate.h */ = {isa = PBXFileReference; fileEncoding = 4; lastKnownFileType = sourcecode.c.h; path = LCChauffeurAppDelegate.h; sourceTree = "<group>"; };
		43E3041E237D72AA001159C8 /* LCChauffeurStep1ViewController.h */ = {isa = PBXFileReference; fileEncoding = 4; lastKnownFileType = sourcecode.c.h; path = LCChauffeurStep1ViewController.h; sourceTree = "<group>"; };
		43E3041F237D72AA001159C8 /* LCChauffeurService.h */ = {isa = PBXFileReference; fileEncoding = 4; lastKnownFileType = sourcecode.c.h; path = LCChauffeurService.h; sourceTree = "<group>"; };
		43E30420237D72AA001159C8 /* LCChauffeurAppDelegate.m */ = {isa = PBXFileReference; fileEncoding = 4; lastKnownFileType = sourcecode.c.objc; path = LCChauffeurAppDelegate.m; sourceTree = "<group>"; };
		43E30422237D72AA001159C8 /* LCSelfStep1ViewController.h */ = {isa = PBXFileReference; fileEncoding = 4; lastKnownFileType = sourcecode.c.h; path = LCSelfStep1ViewController.h; sourceTree = "<group>"; };
		43E30423237D72AA001159C8 /* LCSelfStep1View.h */ = {isa = PBXFileReference; fileEncoding = 4; lastKnownFileType = sourcecode.c.h; path = LCSelfStep1View.h; sourceTree = "<group>"; };
		43E30424237D72AA001159C8 /* LCMediator+SelfDriving.m */ = {isa = PBXFileReference; fileEncoding = 4; lastKnownFileType = sourcecode.c.objc; path = "LCMediator+SelfDriving.m"; sourceTree = "<group>"; };
		43E30425237D72AA001159C8 /* LCSelfDrivingService.h */ = {isa = PBXFileReference; fileEncoding = 4; lastKnownFileType = sourcecode.c.h; path = LCSelfDrivingService.h; sourceTree = "<group>"; };
		43E30426237D72AA001159C8 /* LCSelfDrivingAppDelegate.h */ = {isa = PBXFileReference; fileEncoding = 4; lastKnownFileType = sourcecode.c.h; path = LCSelfDrivingAppDelegate.h; sourceTree = "<group>"; };
		43E30427237D72AA001159C8 /* LCSelfStep1View.m */ = {isa = PBXFileReference; fileEncoding = 4; lastKnownFileType = sourcecode.c.objc; path = LCSelfStep1View.m; sourceTree = "<group>"; };
		43E30428237D72AA001159C8 /* LCSelfStep1ViewController.m */ = {isa = PBXFileReference; fileEncoding = 4; lastKnownFileType = sourcecode.c.objc; path = LCSelfStep1ViewController.m; sourceTree = "<group>"; };
		43E30429237D72AA001159C8 /* LCMediator+SelfDriving.h */ = {isa = PBXFileReference; fileEncoding = 4; lastKnownFileType = sourcecode.c.h; path = "LCMediator+SelfDriving.h"; sourceTree = "<group>"; };
		43E3042A237D72AA001159C8 /* LCSelfDrivingAppDelegate.m */ = {isa = PBXFileReference; fileEncoding = 4; lastKnownFileType = sourcecode.c.objc; path = LCSelfDrivingAppDelegate.m; sourceTree = "<group>"; };
		43E3042B237D72AA001159C8 /* LCSelfDrivingService.m */ = {isa = PBXFileReference; fileEncoding = 4; lastKnownFileType = sourcecode.c.objc; path = LCSelfDrivingService.m; sourceTree = "<group>"; };
		43E3042D237D72AA001159C8 /* LCMemberViewController.h */ = {isa = PBXFileReference; fileEncoding = 4; lastKnownFileType = sourcecode.c.h; path = LCMemberViewController.h; sourceTree = "<group>"; };
		43E3042E237D72AA001159C8 /* LCUserAppDelegate.h */ = {isa = PBXFileReference; fileEncoding = 4; lastKnownFileType = sourcecode.c.h; path = LCUserAppDelegate.h; sourceTree = "<group>"; };
		43E3042F237D72AA001159C8 /* LCUserService.m */ = {isa = PBXFileReference; fileEncoding = 4; lastKnownFileType = sourcecode.c.objc; path = LCUserService.m; sourceTree = "<group>"; };
		43E30430237D72AA001159C8 /* LCUserAppDelegate.m */ = {isa = PBXFileReference; fileEncoding = 4; lastKnownFileType = sourcecode.c.objc; path = LCUserAppDelegate.m; sourceTree = "<group>"; };
		43E30431237D72AA001159C8 /* LCMemberViewController.m */ = {isa = PBXFileReference; fileEncoding = 4; lastKnownFileType = sourcecode.c.objc; path = LCMemberViewController.m; sourceTree = "<group>"; };
		43E30432237D72AA001159C8 /* LCUserService.h */ = {isa = PBXFileReference; fileEncoding = 4; lastKnownFileType = sourcecode.c.h; path = LCUserService.h; sourceTree = "<group>"; };
		6003F58A195388D20070C39A /* LCMediator_Example.app */ = {isa = PBXFileReference; explicitFileType = wrapper.application; includeInIndex = 0; path = LCMediator_Example.app; sourceTree = BUILT_PRODUCTS_DIR; };
		6003F58D195388D20070C39A /* Foundation.framework */ = {isa = PBXFileReference; lastKnownFileType = wrapper.framework; name = Foundation.framework; path = System/Library/Frameworks/Foundation.framework; sourceTree = SDKROOT; };
		6003F58F195388D20070C39A /* CoreGraphics.framework */ = {isa = PBXFileReference; lastKnownFileType = wrapper.framework; name = CoreGraphics.framework; path = System/Library/Frameworks/CoreGraphics.framework; sourceTree = SDKROOT; };
		6003F591195388D20070C39A /* UIKit.framework */ = {isa = PBXFileReference; lastKnownFileType = wrapper.framework; name = UIKit.framework; path = System/Library/Frameworks/UIKit.framework; sourceTree = SDKROOT; };
		6003F595195388D20070C39A /* LCMediator-Info.plist */ = {isa = PBXFileReference; lastKnownFileType = text.plist.xml; path = "LCMediator-Info.plist"; sourceTree = "<group>"; };
		6003F597195388D20070C39A /* en */ = {isa = PBXFileReference; lastKnownFileType = text.plist.strings; name = en; path = en.lproj/InfoPlist.strings; sourceTree = "<group>"; };
		6003F599195388D20070C39A /* main.m */ = {isa = PBXFileReference; lastKnownFileType = sourcecode.c.objc; path = main.m; sourceTree = "<group>"; };
		6003F59B195388D20070C39A /* LCMediator-Prefix.pch */ = {isa = PBXFileReference; lastKnownFileType = sourcecode.c.h; path = "LCMediator-Prefix.pch"; sourceTree = "<group>"; };
		6003F59C195388D20070C39A /* LCAppDelegate.h */ = {isa = PBXFileReference; lastKnownFileType = sourcecode.c.h; path = LCAppDelegate.h; sourceTree = "<group>"; };
		6003F59D195388D20070C39A /* LCAppDelegate.m */ = {isa = PBXFileReference; lastKnownFileType = sourcecode.c.objc; path = LCAppDelegate.m; sourceTree = "<group>"; };
		6003F5A5195388D20070C39A /* LCViewController.h */ = {isa = PBXFileReference; lastKnownFileType = sourcecode.c.h; path = LCViewController.h; sourceTree = "<group>"; };
		6003F5A6195388D20070C39A /* LCViewController.m */ = {isa = PBXFileReference; lastKnownFileType = sourcecode.c.objc; path = LCViewController.m; sourceTree = "<group>"; };
		6003F5A8195388D20070C39A /* Images.xcassets */ = {isa = PBXFileReference; lastKnownFileType = folder.assetcatalog; path = Images.xcassets; sourceTree = "<group>"; };
		6003F5AE195388D20070C39A /* LCMediator_Tests.xctest */ = {isa = PBXFileReference; explicitFileType = wrapper.cfbundle; includeInIndex = 0; path = LCMediator_Tests.xctest; sourceTree = BUILT_PRODUCTS_DIR; };
		6003F5AF195388D20070C39A /* XCTest.framework */ = {isa = PBXFileReference; lastKnownFileType = wrapper.framework; name = XCTest.framework; path = Library/Frameworks/XCTest.framework; sourceTree = DEVELOPER_DIR; };
		6003F5B7195388D20070C39A /* Tests-Info.plist */ = {isa = PBXFileReference; lastKnownFileType = text.plist.xml; path = "Tests-Info.plist"; sourceTree = "<group>"; };
		6003F5B9195388D20070C39A /* en */ = {isa = PBXFileReference; lastKnownFileType = text.plist.strings; name = en; path = en.lproj/InfoPlist.strings; sourceTree = "<group>"; };
		6003F5BB195388D20070C39A /* Tests.m */ = {isa = PBXFileReference; lastKnownFileType = sourcecode.c.objc; path = Tests.m; sourceTree = "<group>"; };
		606FC2411953D9B200FFA9A0 /* Tests-Prefix.pch */ = {isa = PBXFileReference; lastKnownFileType = sourcecode.c.h; path = "Tests-Prefix.pch"; sourceTree = "<group>"; };
		6C23E43A9EE1B93E64C0EE9B /* Pods-LCMediator_Tests.debug.xcconfig */ = {isa = PBXFileReference; includeInIndex = 1; lastKnownFileType = text.xcconfig; name = "Pods-LCMediator_Tests.debug.xcconfig"; path = "Target Support Files/Pods-LCMediator_Tests/Pods-LCMediator_Tests.debug.xcconfig"; sourceTree = "<group>"; };
		71719F9E1E33DC2100824A3D /* Base */ = {isa = PBXFileReference; lastKnownFileType = file.storyboard; name = Base; path = Base.lproj/LaunchScreen.storyboard; sourceTree = "<group>"; };
		7386C03B7542E08B21FFABBC /* Pods-LCMediator_Example.release.xcconfig */ = {isa = PBXFileReference; includeInIndex = 1; lastKnownFileType = text.xcconfig; name = "Pods-LCMediator_Example.release.xcconfig"; path = "Target Support Files/Pods-LCMediator_Example/Pods-LCMediator_Example.release.xcconfig"; sourceTree = "<group>"; };
		85E38920789D4C7B04D680D0 /* README.md */ = {isa = PBXFileReference; includeInIndex = 1; lastKnownFileType = net.daringfireball.markdown; name = README.md; path = ../README.md; sourceTree = "<group>"; };
		873B8AEA1B1F5CCA007FD442 /* Main.storyboard */ = {isa = PBXFileReference; fileEncoding = 4; lastKnownFileType = file.storyboard; name = Main.storyboard; path = Base.lproj/Main.storyboard; sourceTree = "<group>"; };
		944495718AA43D094B64BBC2 /* Pods-LCMediator_Example.debug.xcconfig */ = {isa = PBXFileReference; includeInIndex = 1; lastKnownFileType = text.xcconfig; name = "Pods-LCMediator_Example.debug.xcconfig"; path = "Target Support Files/Pods-LCMediator_Example/Pods-LCMediator_Example.debug.xcconfig"; sourceTree = "<group>"; };
		B3D7D251BAD75EB418952A58 /* LICENSE */ = {isa = PBXFileReference; includeInIndex = 1; lastKnownFileType = text; name = LICENSE; path = ../LICENSE; sourceTree = "<group>"; };
		C091BF404F34178A40C2D297 /* Pods_LCMediator_Example.framework */ = {isa = PBXFileReference; explicitFileType = wrapper.framework; includeInIndex = 0; path = Pods_LCMediator_Example.framework; sourceTree = BUILT_PRODUCTS_DIR; };
		CC14BF8635FF8E4E18F4C359 /* Pods-LCMediator_Tests.release.xcconfig */ = {isa = PBXFileReference; includeInIndex = 1; lastKnownFileType = text.xcconfig; name = "Pods-LCMediator_Tests.release.xcconfig"; path = "Target Support Files/Pods-LCMediator_Tests/Pods-LCMediator_Tests.release.xcconfig"; sourceTree = "<group>"; };
		CD79FEA13869E55F2A87D67D /* Pods_LCMediator_Tests.framework */ = {isa = PBXFileReference; explicitFileType = wrapper.framework; includeInIndex = 0; path = Pods_LCMediator_Tests.framework; sourceTree = BUILT_PRODUCTS_DIR; };
/* End PBXFileReference section */

/* Begin PBXFrameworksBuildPhase section */
		6003F587195388D20070C39A /* Frameworks */ = {
			isa = PBXFrameworksBuildPhase;
			buildActionMask = 2147483647;
			files = (
				6003F590195388D20070C39A /* CoreGraphics.framework in Frameworks */,
				6003F592195388D20070C39A /* UIKit.framework in Frameworks */,
				6003F58E195388D20070C39A /* Foundation.framework in Frameworks */,
				0054B93668351F1D9BA682C6 /* Pods_LCMediator_Example.framework in Frameworks */,
			);
			runOnlyForDeploymentPostprocessing = 0;
		};
		6003F5AB195388D20070C39A /* Frameworks */ = {
			isa = PBXFrameworksBuildPhase;
			buildActionMask = 2147483647;
			files = (
				6003F5B0195388D20070C39A /* XCTest.framework in Frameworks */,
				6003F5B2195388D20070C39A /* UIKit.framework in Frameworks */,
				6003F5B1195388D20070C39A /* Foundation.framework in Frameworks */,
				7939AE163D05DF172F318127 /* Pods_LCMediator_Tests.framework in Frameworks */,
			);
			runOnlyForDeploymentPostprocessing = 0;
		};
/* End PBXFrameworksBuildPhase section */

/* Begin PBXGroup section */
		43606B31237D6B1200567515 /* LCMediator */ = {
			isa = PBXGroup;
			children = (
				43606B32237D6B1200567515 /* Classes */,
			);
			name = LCMediator;
			path = ../LCMediator;
			sourceTree = "<group>";
		};
		43606B32237D6B1200567515 /* Classes */ = {
			isa = PBXGroup;
			children = (
				43606B35237D6B1200567515 /* .gitkeep */,
				43606B34237D6B1200567515 /* LCMediator.h */,
				43606B38237D6B1200567515 /* LCMediator.m */,
				43606B39237D6B1200567515 /* LCMediatorService.h */,
				43606B36237D6B1200567515 /* LCMediatorService.m */,
				43606B33237D6B1200567515 /* LCNoServiceViewController.h */,
				43606B37237D6B1200567515 /* LCNoServiceViewController.m */,
			);
			path = Classes;
			sourceTree = "<group>";
		};
		43606B5A237D6B7700567515 /* LCAppDelegate */ = {
			isa = PBXGroup;
			children = (
				43606B5B237D6B7700567515 /* LCAppDelegate+LC3DTouch.h */,
				43606B5C237D6B7700567515 /* LCAppDelegate+LC3DTouch.m */,
			);
			path = LCAppDelegate;
			sourceTree = "<group>";
		};
		43606B5D237D6B7700567515 /* LCClientDelegate */ = {
			isa = PBXGroup;
			children = (
				43606B5F237D6B7700567515 /* LCClientConfig.plist */,
				43606B60237D6B7700567515 /* LCClientDelegate.h */,
				43606B5E237D6B7700567515 /* LCClientDelegate.m */,
			);
			path = LCClientDelegate;
			sourceTree = "<group>";
		};
		43E30413237D72AA001159C8 /* Account */ = {
			isa = PBXGroup;
			children = (
				43E30414237D72AA001159C8 /* LCAccountAppDelegate.h */,
				43E30417237D72AA001159C8 /* LCAccountAppDelegate.m */,
				43E30416237D72AA001159C8 /* LCAccountService.h */,
				43E30418237D72AA001159C8 /* LCAccountService.m */,
				43E30415237D72AA001159C8 /* LCLoginViewController.h */,
				43E30419237D72AA001159C8 /* LCLoginViewController.m */,
			);
			path = Account;
			sourceTree = "<group>";
		};
		43E3041A237D72AA001159C8 /* Chauffeur */ = {
			isa = PBXGroup;
			children = (
				43E3041D237D72AA001159C8 /* LCChauffeurAppDelegate.h */,
				43E30420237D72AA001159C8 /* LCChauffeurAppDelegate.m */,
				43E3041F237D72AA001159C8 /* LCChauffeurService.h */,
				43E3041B237D72AA001159C8 /* LCChauffeurService.m */,
				43E3041E237D72AA001159C8 /* LCChauffeurStep1ViewController.h */,
				43E3041C237D72AA001159C8 /* LCChauffeurStep1ViewController.m */,
			);
			path = Chauffeur;
			sourceTree = "<group>";
		};
		43E30421237D72AA001159C8 /* SelfDriving */ = {
			isa = PBXGroup;
			children = (
				43E30426237D72AA001159C8 /* LCSelfDrivingAppDelegate.h */,
				43E3042A237D72AA001159C8 /* LCSelfDrivingAppDelegate.m */,
				43E30425237D72AA001159C8 /* LCSelfDrivingService.h */,
				43E3042B237D72AA001159C8 /* LCSelfDrivingService.m */,
				43E30429237D72AA001159C8 /* LCMediator+SelfDriving.h */,
				43E30424237D72AA001159C8 /* LCMediator+SelfDriving.m */,
				43E30423237D72AA001159C8 /* LCSelfStep1View.h */,
				43E30427237D72AA001159C8 /* LCSelfStep1View.m */,
				43E30422237D72AA001159C8 /* LCSelfStep1ViewController.h */,
				43E30428237D72AA001159C8 /* LCSelfStep1ViewController.m */,
			);
			path = SelfDriving;
			sourceTree = "<group>";
		};
		43E3042C237D72AA001159C8 /* User */ = {
			isa = PBXGroup;
			children = (
				43E3042E237D72AA001159C8 /* LCUserAppDelegate.h */,
				43E30430237D72AA001159C8 /* LCUserAppDelegate.m */,
				43E30432237D72AA001159C8 /* LCUserService.h */,
				43E3042F237D72AA001159C8 /* LCUserService.m */,
				43E3042D237D72AA001159C8 /* LCMemberViewController.h */,
				43E30431237D72AA001159C8 /* LCMemberViewController.m */,
			);
			path = User;
			sourceTree = "<group>";
		};
		6003F581195388D10070C39A = {
			isa = PBXGroup;
			children = (
				43606B31237D6B1200567515 /* LCMediator */,
				60FF7A9C1954A5C5007DD14C /* Podspec Metadata */,
				6003F593195388D20070C39A /* Example for LCMediator */,
				6003F5B5195388D20070C39A /* Tests */,
				6003F58C195388D20070C39A /* Frameworks */,
				6003F58B195388D20070C39A /* Products */,
				F703BE8413A9E13EFF5BBB4F /* Pods */,
			);
			sourceTree = "<group>";
		};
		6003F58B195388D20070C39A /* Products */ = {
			isa = PBXGroup;
			children = (
				6003F58A195388D20070C39A /* LCMediator_Example.app */,
				6003F5AE195388D20070C39A /* LCMediator_Tests.xctest */,
			);
			name = Products;
			sourceTree = "<group>";
		};
		6003F58C195388D20070C39A /* Frameworks */ = {
			isa = PBXGroup;
			children = (
				6003F58D195388D20070C39A /* Foundation.framework */,
				6003F58F195388D20070C39A /* CoreGraphics.framework */,
				6003F591195388D20070C39A /* UIKit.framework */,
				6003F5AF195388D20070C39A /* XCTest.framework */,
				C091BF404F34178A40C2D297 /* Pods_LCMediator_Example.framework */,
				CD79FEA13869E55F2A87D67D /* Pods_LCMediator_Tests.framework */,
			);
			name = Frameworks;
			sourceTree = "<group>";
		};
		6003F593195388D20070C39A /* Example for LCMediator */ = {
			isa = PBXGroup;
			children = (
				6003F59C195388D20070C39A /* LCAppDelegate.h */,
				6003F59D195388D20070C39A /* LCAppDelegate.m */,
				43606B5A237D6B7700567515 /* LCAppDelegate */,
				6003F5A5195388D20070C39A /* LCViewController.h */,
				6003F5A6195388D20070C39A /* LCViewController.m */,
				43606B5D237D6B7700567515 /* LCClientDelegate */,
				43E30413237D72AA001159C8 /* Account */,
				43E3041A237D72AA001159C8 /* Chauffeur */,
				43E30421237D72AA001159C8 /* SelfDriving */,
				43E3042C237D72AA001159C8 /* User */,
				71719F9D1E33DC2100824A3D /* LaunchScreen.storyboard */,
				873B8AEA1B1F5CCA007FD442 /* Main.storyboard */,
				6003F5A8195388D20070C39A /* Images.xcassets */,
				6003F594195388D20070C39A /* Supporting Files */,
			);
			name = "Example for LCMediator";
			path = LCMediator;
			sourceTree = "<group>";
		};
		6003F594195388D20070C39A /* Supporting Files */ = {
			isa = PBXGroup;
			children = (
				6003F595195388D20070C39A /* LCMediator-Info.plist */,
				6003F596195388D20070C39A /* InfoPlist.strings */,
				6003F599195388D20070C39A /* main.m */,
				6003F59B195388D20070C39A /* LCMediator-Prefix.pch */,
			);
			name = "Supporting Files";
			sourceTree = "<group>";
		};
		6003F5B5195388D20070C39A /* Tests */ = {
			isa = PBXGroup;
			children = (
				6003F5BB195388D20070C39A /* Tests.m */,
				6003F5B6195388D20070C39A /* Supporting Files */,
			);
			path = Tests;
			sourceTree = "<group>";
		};
		6003F5B6195388D20070C39A /* Supporting Files */ = {
			isa = PBXGroup;
			children = (
				6003F5B7195388D20070C39A /* Tests-Info.plist */,
				6003F5B8195388D20070C39A /* InfoPlist.strings */,
				606FC2411953D9B200FFA9A0 /* Tests-Prefix.pch */,
			);
			name = "Supporting Files";
			sourceTree = "<group>";
		};
		60FF7A9C1954A5C5007DD14C /* Podspec Metadata */ = {
			isa = PBXGroup;
			children = (
				2162D8537ED282A721A66065 /* LCMediator.podspec */,
				85E38920789D4C7B04D680D0 /* README.md */,
				B3D7D251BAD75EB418952A58 /* LICENSE */,
			);
			name = "Podspec Metadata";
			sourceTree = "<group>";
		};
		F703BE8413A9E13EFF5BBB4F /* Pods */ = {
			isa = PBXGroup;
			children = (
				944495718AA43D094B64BBC2 /* Pods-LCMediator_Example.debug.xcconfig */,
				7386C03B7542E08B21FFABBC /* Pods-LCMediator_Example.release.xcconfig */,
				6C23E43A9EE1B93E64C0EE9B /* Pods-LCMediator_Tests.debug.xcconfig */,
				CC14BF8635FF8E4E18F4C359 /* Pods-LCMediator_Tests.release.xcconfig */,
			);
			path = Pods;
			sourceTree = "<group>";
		};
/* End PBXGroup section */

/* Begin PBXNativeTarget section */
		6003F589195388D20070C39A /* LCMediator_Example */ = {
			isa = PBXNativeTarget;
			buildConfigurationList = 6003F5BF195388D20070C39A /* Build configuration list for PBXNativeTarget "LCMediator_Example" */;
			buildPhases = (
				CD0ED9B2916B5DE4A556ECBF /* [CP] Check Pods Manifest.lock */,
				6003F586195388D20070C39A /* Sources */,
				6003F587195388D20070C39A /* Frameworks */,
				6003F588195388D20070C39A /* Resources */,
				9391FEC94F22396CDF364EDD /* [CP] Embed Pods Frameworks */,
			);
			buildRules = (
			);
			dependencies = (
			);
			name = LCMediator_Example;
			productName = LCMediator;
			productReference = 6003F58A195388D20070C39A /* LCMediator_Example.app */;
			productType = "com.apple.product-type.application";
		};
		6003F5AD195388D20070C39A /* LCMediator_Tests */ = {
			isa = PBXNativeTarget;
			buildConfigurationList = 6003F5C2195388D20070C39A /* Build configuration list for PBXNativeTarget "LCMediator_Tests" */;
			buildPhases = (
				A8B66B0C2C8BDFC9CBC0DAC3 /* [CP] Check Pods Manifest.lock */,
				6003F5AA195388D20070C39A /* Sources */,
				6003F5AB195388D20070C39A /* Frameworks */,
				6003F5AC195388D20070C39A /* Resources */,
			);
			buildRules = (
			);
			dependencies = (
				6003F5B4195388D20070C39A /* PBXTargetDependency */,
			);
			name = LCMediator_Tests;
			productName = LCMediatorTests;
			productReference = 6003F5AE195388D20070C39A /* LCMediator_Tests.xctest */;
			productType = "com.apple.product-type.bundle.unit-test";
		};
/* End PBXNativeTarget section */

/* Begin PBXProject section */
		6003F582195388D10070C39A /* Project object */ = {
			isa = PBXProject;
			attributes = {
				CLASSPREFIX = LC;
				LastUpgradeCheck = 0720;
				ORGANIZATIONNAME = LuckyCat7848;
				TargetAttributes = {
					6003F5AD195388D20070C39A = {
						TestTargetID = 6003F589195388D20070C39A;
					};
				};
			};
			buildConfigurationList = 6003F585195388D10070C39A /* Build configuration list for PBXProject "LCMediator" */;
			compatibilityVersion = "Xcode 3.2";
			developmentRegion = English;
			hasScannedForEncodings = 0;
			knownRegions = (
				en,
				Base,
			);
			mainGroup = 6003F581195388D10070C39A;
			productRefGroup = 6003F58B195388D20070C39A /* Products */;
			projectDirPath = "";
			projectRoot = "";
			targets = (
				6003F589195388D20070C39A /* LCMediator_Example */,
				6003F5AD195388D20070C39A /* LCMediator_Tests */,
			);
		};
/* End PBXProject section */

/* Begin PBXResourcesBuildPhase section */
		6003F588195388D20070C39A /* Resources */ = {
			isa = PBXResourcesBuildPhase;
			buildActionMask = 2147483647;
			files = (
				873B8AEB1B1F5CCA007FD442 /* Main.storyboard in Resources */,
				71719F9F1E33DC2100824A3D /* LaunchScreen.storyboard in Resources */,
				43606B3C237D6B1300567515 /* .gitkeep in Resources */,
				6003F5A9195388D20070C39A /* Images.xcassets in Resources */,
				43606B75237D6B7700567515 /* LCClientConfig.plist in Resources */,
				6003F598195388D20070C39A /* InfoPlist.strings in Resources */,
			);
			runOnlyForDeploymentPostprocessing = 0;
		};
		6003F5AC195388D20070C39A /* Resources */ = {
			isa = PBXResourcesBuildPhase;
			buildActionMask = 2147483647;
			files = (
				6003F5BA195388D20070C39A /* InfoPlist.strings in Resources */,
			);
			runOnlyForDeploymentPostprocessing = 0;
		};
/* End PBXResourcesBuildPhase section */

/* Begin PBXShellScriptBuildPhase section */
		9391FEC94F22396CDF364EDD /* [CP] Embed Pods Frameworks */ = {
			isa = PBXShellScriptBuildPhase;
			buildActionMask = 2147483647;
			files = (
			);
			inputFileListPaths = (
			);
			inputPaths = (
				"${PODS_ROOT}/Target Support Files/Pods-LCMediator_Example/Pods-LCMediator_Example-frameworks.sh",
				"${BUILT_PRODUCTS_DIR}/LCMediator/LCMediator.framework",
				"${BUILT_PRODUCTS_DIR}/LCNavigator/LCNavigator.framework",
				"${BUILT_PRODUCTS_DIR}/YYKit/YYKit.framework",
			);
			name = "[CP] Embed Pods Frameworks";
			outputFileListPaths = (
			);
			outputPaths = (
				"${TARGET_BUILD_DIR}/${FRAMEWORKS_FOLDER_PATH}/LCMediator.framework",
				"${TARGET_BUILD_DIR}/${FRAMEWORKS_FOLDER_PATH}/LCNavigator.framework",
				"${TARGET_BUILD_DIR}/${FRAMEWORKS_FOLDER_PATH}/YYKit.framework",
			);
			runOnlyForDeploymentPostprocessing = 0;
			shellPath = /bin/sh;
			shellScript = "\"${PODS_ROOT}/Target Support Files/Pods-LCMediator_Example/Pods-LCMediator_Example-frameworks.sh\"\n";
			showEnvVarsInLog = 0;
		};
		A8B66B0C2C8BDFC9CBC0DAC3 /* [CP] Check Pods Manifest.lock */ = {
			isa = PBXShellScriptBuildPhase;
			buildActionMask = 2147483647;
			files = (
			);
			inputFileListPaths = (
			);
			inputPaths = (
				"${PODS_PODFILE_DIR_PATH}/Podfile.lock",
				"${PODS_ROOT}/Manifest.lock",
			);
			name = "[CP] Check Pods Manifest.lock";
			outputFileListPaths = (
			);
			outputPaths = (
				"$(DERIVED_FILE_DIR)/Pods-LCMediator_Tests-checkManifestLockResult.txt",
			);
			runOnlyForDeploymentPostprocessing = 0;
			shellPath = /bin/sh;
			shellScript = "diff \"${PODS_PODFILE_DIR_PATH}/Podfile.lock\" \"${PODS_ROOT}/Manifest.lock\" > /dev/null\nif [ $? != 0 ] ; then\n    # print error to STDERR\n    echo \"error: The sandbox is not in sync with the Podfile.lock. Run 'pod install' or update your CocoaPods installation.\" >&2\n    exit 1\nfi\n# This output is used by Xcode 'outputs' to avoid re-running this script phase.\necho \"SUCCESS\" > \"${SCRIPT_OUTPUT_FILE_0}\"\n";
			showEnvVarsInLog = 0;
		};
		CD0ED9B2916B5DE4A556ECBF /* [CP] Check Pods Manifest.lock */ = {
			isa = PBXShellScriptBuildPhase;
			buildActionMask = 2147483647;
			files = (
			);
			inputFileListPaths = (
			);
			inputPaths = (
				"${PODS_PODFILE_DIR_PATH}/Podfile.lock",
				"${PODS_ROOT}/Manifest.lock",
			);
			name = "[CP] Check Pods Manifest.lock";
			outputFileListPaths = (
			);
			outputPaths = (
				"$(DERIVED_FILE_DIR)/Pods-LCMediator_Example-checkManifestLockResult.txt",
			);
			runOnlyForDeploymentPostprocessing = 0;
			shellPath = /bin/sh;
			shellScript = "diff \"${PODS_PODFILE_DIR_PATH}/Podfile.lock\" \"${PODS_ROOT}/Manifest.lock\" > /dev/null\nif [ $? != 0 ] ; then\n    # print error to STDERR\n    echo \"error: The sandbox is not in sync with the Podfile.lock. Run 'pod install' or update your CocoaPods installation.\" >&2\n    exit 1\nfi\n# This output is used by Xcode 'outputs' to avoid re-running this script phase.\necho \"SUCCESS\" > \"${SCRIPT_OUTPUT_FILE_0}\"\n";
			showEnvVarsInLog = 0;
		};
/* End PBXShellScriptBuildPhase section */

/* Begin PBXSourcesBuildPhase section */
		6003F586195388D20070C39A /* Sources */ = {
			isa = PBXSourcesBuildPhase;
			buildActionMask = 2147483647;
			files = (
				6003F59E195388D20070C39A /* LCAppDelegate.m in Sources */,
				43E30435237D72AA001159C8 /* LCLoginViewController.m in Sources */,
				6003F5A7195388D20070C39A /* LCViewController.m in Sources */,
				6003F59A195388D20070C39A /* main.m in Sources */,
				43606B3E237D6B1300567515 /* LCNoServiceViewController.m in Sources */,
				43606B3D237D6B1300567515 /* LCMediatorService.m in Sources */,
				43606B73237D6B7700567515 /* LCAppDelegate+LC3DTouch.m in Sources */,
				43E3043D237D72AA001159C8 /* LCSelfDrivingService.m in Sources */,
				43606B3F237D6B1300567515 /* LCMediator.m in Sources */,
				43E30439237D72AA001159C8 /* LCMediator+SelfDriving.m in Sources */,
				43E3043C237D72AA001159C8 /* LCSelfDrivingAppDelegate.m in Sources */,
				43E30436237D72AA001159C8 /* LCChauffeurService.m in Sources */,
				43E30433237D72AA001159C8 /* LCAccountAppDelegate.m in Sources */,
				43E3043B237D72AA001159C8 /* LCSelfStep1ViewController.m in Sources */,
				43E30434237D72AA001159C8 /* LCAccountService.m in Sources */,
				43E30438237D72AA001159C8 /* LCChauffeurAppDelegate.m in Sources */,
				43E3043F237D72AA001159C8 /* LCUserAppDelegate.m in Sources */,
				43E30440237D72AA001159C8 /* LCMemberViewController.m in Sources */,
				43E3043A237D72AA001159C8 /* LCSelfStep1View.m in Sources */,
				43E3043E237D72AA001159C8 /* LCUserService.m in Sources */,
				43606B74237D6B7700567515 /* LCClientDelegate.m in Sources */,
				43E30437237D72AA001159C8 /* LCChauffeurStep1ViewController.m in Sources */,
			);
			runOnlyForDeploymentPostprocessing = 0;
		};
		6003F5AA195388D20070C39A /* Sources */ = {
			isa = PBXSourcesBuildPhase;
			buildActionMask = 2147483647;
			files = (
				6003F5BC195388D20070C39A /* Tests.m in Sources */,
			);
			runOnlyForDeploymentPostprocessing = 0;
		};
/* End PBXSourcesBuildPhase section */

/* Begin PBXTargetDependency section */
		6003F5B4195388D20070C39A /* PBXTargetDependency */ = {
			isa = PBXTargetDependency;
			target = 6003F589195388D20070C39A /* LCMediator_Example */;
			targetProxy = 6003F5B3195388D20070C39A /* PBXContainerItemProxy */;
		};
/* End PBXTargetDependency section */

/* Begin PBXVariantGroup section */
		6003F596195388D20070C39A /* InfoPlist.strings */ = {
			isa = PBXVariantGroup;
			children = (
				6003F597195388D20070C39A /* en */,
			);
			name = InfoPlist.strings;
			sourceTree = "<group>";
		};
		6003F5B8195388D20070C39A /* InfoPlist.strings */ = {
			isa = PBXVariantGroup;
			children = (
				6003F5B9195388D20070C39A /* en */,
			);
			name = InfoPlist.strings;
			sourceTree = "<group>";
		};
		71719F9D1E33DC2100824A3D /* LaunchScreen.storyboard */ = {
			isa = PBXVariantGroup;
			children = (
				71719F9E1E33DC2100824A3D /* Base */,
			);
			name = LaunchScreen.storyboard;
			sourceTree = "<group>";
		};
/* End PBXVariantGroup section */

/* Begin XCBuildConfiguration section */
		6003F5BD195388D20070C39A /* Debug */ = {
			isa = XCBuildConfiguration;
			buildSettings = {
				ALWAYS_SEARCH_USER_PATHS = NO;
				CLANG_CXX_LANGUAGE_STANDARD = "gnu++0x";
				CLANG_CXX_LIBRARY = "libc++";
				CLANG_ENABLE_MODULES = YES;
				CLANG_ENABLE_OBJC_ARC = YES;
				CLANG_WARN_BOOL_CONVERSION = YES;
				CLANG_WARN_CONSTANT_CONVERSION = YES;
				CLANG_WARN_DIRECT_OBJC_ISA_USAGE = YES_ERROR;
				CLANG_WARN_EMPTY_BODY = YES;
				CLANG_WARN_ENUM_CONVERSION = YES;
				CLANG_WARN_INT_CONVERSION = YES;
				CLANG_WARN_OBJC_ROOT_CLASS = YES_ERROR;
				CLANG_WARN__DUPLICATE_METHOD_MATCH = YES;
				"CODE_SIGN_IDENTITY[sdk=iphoneos*]" = "iPhone Developer";
				COPY_PHASE_STRIP = NO;
				ENABLE_TESTABILITY = YES;
				GCC_C_LANGUAGE_STANDARD = gnu99;
				GCC_DYNAMIC_NO_PIC = NO;
				GCC_OPTIMIZATION_LEVEL = 0;
				GCC_PREPROCESSOR_DEFINITIONS = (
					"DEBUG=1",
					"$(inherited)",
				);
				GCC_SYMBOLS_PRIVATE_EXTERN = NO;
				GCC_WARN_64_TO_32_BIT_CONVERSION = YES;
				GCC_WARN_ABOUT_RETURN_TYPE = YES_ERROR;
				GCC_WARN_UNDECLARED_SELECTOR = YES;
				GCC_WARN_UNINITIALIZED_AUTOS = YES_AGGRESSIVE;
				GCC_WARN_UNUSED_FUNCTION = YES;
				GCC_WARN_UNUSED_VARIABLE = YES;
				IPHONEOS_DEPLOYMENT_TARGET = 9.3;
				ONLY_ACTIVE_ARCH = YES;
				SDKROOT = iphoneos;
				TARGETED_DEVICE_FAMILY = "1,2";
			};
			name = Debug;
		};
		6003F5BE195388D20070C39A /* Release */ = {
			isa = XCBuildConfiguration;
			buildSettings = {
				ALWAYS_SEARCH_USER_PATHS = NO;
				CLANG_CXX_LANGUAGE_STANDARD = "gnu++0x";
				CLANG_CXX_LIBRARY = "libc++";
				CLANG_ENABLE_MODULES = YES;
				CLANG_ENABLE_OBJC_ARC = YES;
				CLANG_WARN_BOOL_CONVERSION = YES;
				CLANG_WARN_CONSTANT_CONVERSION = YES;
				CLANG_WARN_DIRECT_OBJC_ISA_USAGE = YES_ERROR;
				CLANG_WARN_EMPTY_BODY = YES;
				CLANG_WARN_ENUM_CONVERSION = YES;
				CLANG_WARN_INT_CONVERSION = YES;
				CLANG_WARN_OBJC_ROOT_CLASS = YES_ERROR;
				CLANG_WARN__DUPLICATE_METHOD_MATCH = YES;
				"CODE_SIGN_IDENTITY[sdk=iphoneos*]" = "iPhone Developer";
				COPY_PHASE_STRIP = YES;
				ENABLE_NS_ASSERTIONS = NO;
				GCC_C_LANGUAGE_STANDARD = gnu99;
				GCC_WARN_64_TO_32_BIT_CONVERSION = YES;
				GCC_WARN_ABOUT_RETURN_TYPE = YES_ERROR;
				GCC_WARN_UNDECLARED_SELECTOR = YES;
				GCC_WARN_UNINITIALIZED_AUTOS = YES_AGGRESSIVE;
				GCC_WARN_UNUSED_FUNCTION = YES;
				GCC_WARN_UNUSED_VARIABLE = YES;
				IPHONEOS_DEPLOYMENT_TARGET = 9.3;
				SDKROOT = iphoneos;
				TARGETED_DEVICE_FAMILY = "1,2";
				VALIDATE_PRODUCT = YES;
			};
			name = Release;
		};
		6003F5C0195388D20070C39A /* Debug */ = {
			isa = XCBuildConfiguration;
			baseConfigurationReference = 944495718AA43D094B64BBC2 /* Pods-LCMediator_Example.debug.xcconfig */;
			buildSettings = {
				ASSETCATALOG_COMPILER_APPICON_NAME = AppIcon;
				GCC_PRECOMPILE_PREFIX_HEADER = YES;
				GCC_PREFIX_HEADER = "LCMediator/LCMediator-Prefix.pch";
				INFOPLIST_FILE = "LCMediator/LCMediator-Info.plist";
				MODULE_NAME = ExampleApp;
				PRODUCT_BUNDLE_IDENTIFIER = "org.cocoapods.demo.${PRODUCT_NAME:rfc1034identifier}";
				PRODUCT_NAME = "$(TARGET_NAME)";
				SWIFT_VERSION = 4.0;
				WRAPPER_EXTENSION = app;
			};
			name = Debug;
		};
		6003F5C1195388D20070C39A /* Release */ = {
			isa = XCBuildConfiguration;
			baseConfigurationReference = 7386C03B7542E08B21FFABBC /* Pods-LCMediator_Example.release.xcconfig */;
			buildSettings = {
				ASSETCATALOG_COMPILER_APPICON_NAME = AppIcon;
				GCC_PRECOMPILE_PREFIX_HEADER = YES;
				GCC_PREFIX_HEADER = "LCMediator/LCMediator-Prefix.pch";
				INFOPLIST_FILE = "LCMediator/LCMediator-Info.plist";
				MODULE_NAME = ExampleApp;
				PRODUCT_BUNDLE_IDENTIFIER = "org.cocoapods.demo.${PRODUCT_NAME:rfc1034identifier}";
				PRODUCT_NAME = "$(TARGET_NAME)";
				SWIFT_VERSION = 4.0;
				WRAPPER_EXTENSION = app;
			};
			name = Release;
		};
		6003F5C3195388D20070C39A /* Debug */ = {
			isa = XCBuildConfiguration;
			baseConfigurationReference = 6C23E43A9EE1B93E64C0EE9B /* Pods-LCMediator_Tests.debug.xcconfig */;
			buildSettings = {
				BUNDLE_LOADER = "$(TEST_HOST)";
				FRAMEWORK_SEARCH_PATHS = (
					"$(PLATFORM_DIR)/Developer/Library/Frameworks",
					"$(inherited)",
					"$(DEVELOPER_FRAMEWORKS_DIR)",
				);
				GCC_PRECOMPILE_PREFIX_HEADER = YES;
				GCC_PREFIX_HEADER = "Tests/Tests-Prefix.pch";
				GCC_PREPROCESSOR_DEFINITIONS = (
					"DEBUG=1",
					"$(inherited)",
				);
				INFOPLIST_FILE = "Tests/Tests-Info.plist";
				PRODUCT_BUNDLE_IDENTIFIER = "org.cocoapods.demo.${PRODUCT_NAME:rfc1034identifier}";
				PRODUCT_NAME = "$(TARGET_NAME)";
				SWIFT_VERSION = 4.0;
				TEST_HOST = "$(BUILT_PRODUCTS_DIR)/LCMediator_Example.app/LCMediator_Example";
				WRAPPER_EXTENSION = xctest;
			};
			name = Debug;
		};
		6003F5C4195388D20070C39A /* Release */ = {
			isa = XCBuildConfiguration;
			baseConfigurationReference = CC14BF8635FF8E4E18F4C359 /* Pods-LCMediator_Tests.release.xcconfig */;
			buildSettings = {
				BUNDLE_LOADER = "$(TEST_HOST)";
				FRAMEWORK_SEARCH_PATHS = (
					"$(PLATFORM_DIR)/Developer/Library/Frameworks",
					"$(inherited)",
					"$(DEVELOPER_FRAMEWORKS_DIR)",
				);
				GCC_PRECOMPILE_PREFIX_HEADER = YES;
				GCC_PREFIX_HEADER = "Tests/Tests-Prefix.pch";
				INFOPLIST_FILE = "Tests/Tests-Info.plist";
				PRODUCT_BUNDLE_IDENTIFIER = "org.cocoapods.demo.${PRODUCT_NAME:rfc1034identifier}";
				PRODUCT_NAME = "$(TARGET_NAME)";
				SWIFT_VERSION = 4.0;
				TEST_HOST = "$(BUILT_PRODUCTS_DIR)/LCMediator_Example.app/LCMediator_Example";
				WRAPPER_EXTENSION = xctest;
			};
			name = Release;
		};
/* End XCBuildConfiguration section */

/* Begin XCConfigurationList section */
		6003F585195388D10070C39A /* Build configuration list for PBXProject "LCMediator" */ = {
			isa = XCConfigurationList;
			buildConfigurations = (
				6003F5BD195388D20070C39A /* Debug */,
				6003F5BE195388D20070C39A /* Release */,
			);
			defaultConfigurationIsVisible = 0;
			defaultConfigurationName = Release;
		};
		6003F5BF195388D20070C39A /* Build configuration list for PBXNativeTarget "LCMediator_Example" */ = {
			isa = XCConfigurationList;
			buildConfigurations = (
				6003F5C0195388D20070C39A /* Debug */,
				6003F5C1195388D20070C39A /* Release */,
			);
			defaultConfigurationIsVisible = 0;
			defaultConfigurationName = Release;
		};
		6003F5C2195388D20070C39A /* Build configuration list for PBXNativeTarget "LCMediator_Tests" */ = {
			isa = XCConfigurationList;
			buildConfigurations = (
				6003F5C3195388D20070C39A /* Debug */,
				6003F5C4195388D20070C39A /* Release */,
			);
			defaultConfigurationIsVisible = 0;
			defaultConfigurationName = Release;
		};
/* End XCConfigurationList section */
	};
	rootObject = 6003F582195388D10070C39A /* Project object */;
}
